
Microsoft Visual Studio Solution File, Format Version 12.00
# Visual Studio Version 17
VisualStudioVersion = 17.1.32328.378
MinimumVisualStudioVersion = 10.0.40219.1
Project("{FAE04EC0-301F-11D3-BF4B-00C04F79EFBC}") = "FACTSERP", "FACTSERP\FACTSERP.csproj", "{C72DB936-CE10-455D-A216-AB2921202351}"
EndProject
Global
	GlobalSection(SolutionConfigurationPlatforms) = preSolution
		Debug|Any CPU = Debug|Any CPU
		Release|Any CPU = Release|Any CPU
	EndGlobalSection
	GlobalSection(ProjectConfigurationPlatforms) = postSolution
		{C72DB936-CE10-455D-A216-AB2921202351}.Debug|Any CPU.ActiveCfg = Debug|Any CPU
		{C72DB936-CE10-455D-A216-AB2921202351}.Debug|Any CPU.Build.0 = Debug|Any CPU
		{C72DB936-CE10-455D-A216-AB2921202351}.Release|Any CPU.ActiveCfg = Release|Any CPU
		{C72DB936-CE10-455D-A216-AB2921202351}.Release|Any CPU.Build.0 = Release|Any CPU
	EndGlobalSection
	GlobalSection(SolutionProperties) = preSolution
		HideSolutionNode = FALSE
	EndGlobalSection
	GlobalSection(ExtensibilityGlobals) = postSolution
		SolutionGuid = {5C391C80-3FF5-4D79-8182-FE710A744CFD}
	EndGlobalSection
EndGlobal
